
Microsoft Visual Studio Solution File, Format Version 12.00
# Visual Studio Version 16
VisualStudioVersion = 16.0.31205.134
MinimumVisualStudioVersion = 10.0.40219.1
Project("{9A19103F-16F7-4668-BE54-9A1E7A4F7556}") = "MagneticWindow", "MagneticWindow\MagneticWindow.csproj", "{F249BC1E-FDDB-410B-A6EF-D287A75361ED}"
EndProject
Global
	GlobalSection(SolutionConfigurationPlatforms) = preSolution
		Debug|Any CPU = Debug|Any CPU
		Release|Any CPU = Release|Any CPU
	EndGlobalSection
	GlobalSection(ProjectConfigurationPlatforms) = postSolution
		{F249BC1E-FDDB-410B-A6EF-D287A75361ED}.Debug|Any CPU.ActiveCfg = Debug|Any CPU
		{F249BC1E-FDDB-410B-A6EF-D287A75361ED}.Debug|Any CPU.Build.0 = Debug|Any CPU
		{F249BC1E-FDDB-410B-A6EF-D287A75361ED}.Release|Any CPU.ActiveCfg = Release|Any CPU
		{F249BC1E-FDDB-410B-A6EF-D287A75361ED}.Release|Any CPU.Build.0 = Release|Any CPU
	EndGlobalSection
	GlobalSection(SolutionProperties) = preSolution
		HideSolutionNode = FALSE
	EndGlobalSection
	GlobalSection(ExtensibilityGlobals) = postSolution
		SolutionGuid = {62804F13-57AE-49BA-93FC-B9A3246F0F6F}
	EndGlobalSection
EndGlobal
